
Microsoft Visual Studio Solution File, Format Version 12.00
# Visual Studio 15
VisualStudioVersion = 15.0.28010.2041
MinimumVisualStudioVersion = 10.0.40219.1
Project("{9A19103F-16F7-4668-BE54-9A1E7A4F7556}") = "BooksApi", "BooksApi.csproj", "{3565F8F2-3D81-4824-A9B7-0BFDD6C7ED75}"
EndProject
Global
	GlobalSection(SolutionConfigurationPlatforms) = preSolution
		Debug|Any CPU = Debug|Any CPU
		Release|Any CPU = Release|Any CPU
	EndGlobalSection
	GlobalSection(ProjectConfigurationPlatforms) = postSolution
		{3565F8F2-3D81-4824-A9B7-0BFDD6C7ED75}.Debug|Any CPU.ActiveCfg = Debug|Any CPU
		{3565F8F2-3D81-4824-A9B7-0BFDD6C7ED75}.Debug|Any CPU.Build.0 = Debug|Any CPU
		{3565F8F2-3D81-4824-A9B7-0BFDD6C7ED75}.Release|Any CPU.ActiveCfg = Release|Any CPU
		{3565F8F2-3D81-4824-A9B7-0BFDD6C7ED75}.Release|Any CPU.Build.0 = Release|Any CPU
	EndGlobalSection
	GlobalSection(SolutionProperties) = preSolution
		HideSolutionNode = FALSE
	EndGlobalSection
	GlobalSection(ExtensibilityGlobals) = postSolution
		SolutionGuid = {7378F941-1E8A-456C-9F58-ACB1345C455E}
	EndGlobalSection
EndGlobal
